
Microsoft Visual Studio Solution File, Format Version 12.00
# Visual Studio 15
VisualStudioVersion = 15.0.26403.0
MinimumVisualStudioVersion = 10.0.40219.1
Project("{8BC9CEB8-8B4A-11D0-8D11-00A0C91BC942}") = "project_with_compile_as_default_option", "project_with_compile_as_default_option.vcxproj", "{F5A074FE-B9AC-4F83-8D5D-AB8803B7BBDD}"
EndProject
Global
	GlobalSection(SolutionConfigurationPlatforms) = preSolution
		Debug|x64 = Debug|x64
		Debug|x86 = Debug|x86
		Release|x64 = Release|x64
		Release|x86 = Release|x86
	EndGlobalSection
	GlobalSection(ProjectConfigurationPlatforms) = postSolution
		{F5A074FE-B9AC-4F83-8D5D-AB8803B7BBDD}.Debug|x64.ActiveCfg = Debug|x64
		{F5A074FE-B9AC-4F83-8D5D-AB8803B7BBDD}.Debug|x64.Build.0 = Debug|x64
		{F5A074FE-B9AC-4F83-8D5D-AB8803B7BBDD}.Debug|x86.ActiveCfg = Debug|Win32
		{F5A074FE-B9AC-4F83-8D5D-AB8803B7BBDD}.Debug|x86.Build.0 = Debug|Win32
		{F5A074FE-B9AC-4F83-8D5D-AB8803B7BBDD}.Release|x64.ActiveCfg = Release|x64
		{F5A074FE-B9AC-4F83-8D5D-AB8803B7BBDD}.Release|x64.Build.0 = Release|x64
		{F5A074FE-B9AC-4F83-8D5D-AB8803B7BBDD}.Release|x86.ActiveCfg = Release|Win32
		{F5A074FE-B9AC-4F83-8D5D-AB8803B7BBDD}.Release|x86.Build.0 = Release|Win32
	EndGlobalSection
	GlobalSection(SolutionProperties) = preSolution
		HideSolutionNode = FALSE
	EndGlobalSection
EndGlobal
